
Microsoft Visual Studio Solution File, Format Version 12.00
# Visual Studio Version 17
VisualStudioVersion = 17.4.33205.214
MinimumVisualStudioVersion = 10.0.40219.1
Project("{8BC9CEB8-8B4A-11D0-8D11-00A0C91BC942}") = "AnimalWorld2", "AnimalWorld2\AnimalWorld2.vcxproj", "{2E400E15-F97A-4412-87B1-E20F02F85246}"
EndProject
Global
	GlobalSection(SolutionConfigurationPlatforms) = preSolution
		Debug|x64 = Debug|x64
		Debug|x86 = Debug|x86
		Release|x64 = Release|x64
		Release|x86 = Release|x86
	EndGlobalSection
	GlobalSection(ProjectConfigurationPlatforms) = postSolution
		{2E400E15-F97A-4412-87B1-E20F02F85246}.Debug|x64.ActiveCfg = Debug|x64
		{2E400E15-F97A-4412-87B1-E20F02F85246}.Debug|x64.Build.0 = Debug|x64
		{2E400E15-F97A-4412-87B1-E20F02F85246}.Debug|x86.ActiveCfg = Debug|Win32
		{2E400E15-F97A-4412-87B1-E20F02F85246}.Debug|x86.Build.0 = Debug|Win32
		{2E400E15-F97A-4412-87B1-E20F02F85246}.Release|x64.ActiveCfg = Release|x64
		{2E400E15-F97A-4412-87B1-E20F02F85246}.Release|x64.Build.0 = Release|x64
		{2E400E15-F97A-4412-87B1-E20F02F85246}.Release|x86.ActiveCfg = Release|Win32
		{2E400E15-F97A-4412-87B1-E20F02F85246}.Release|x86.Build.0 = Release|Win32
	EndGlobalSection
	GlobalSection(SolutionProperties) = preSolution
		HideSolutionNode = FALSE
	EndGlobalSection
	GlobalSection(ExtensibilityGlobals) = postSolution
		SolutionGuid = {A56899EA-E78A-461D-AB71-59487E997B0B}
	EndGlobalSection
EndGlobal
